
Microsoft Visual Studio Solution File, Format Version 12.00
# Visual Studio 15
VisualStudioVersion = 15.0.27130.2027
MinimumVisualStudioVersion = 10.0.40219.1
Project("{FAE04EC0-301F-11D3-BF4B-00C04F79EFBC}") = "XMLMenuWriter", "XMLMenuWriter\XMLMenuWriter.csproj", "{8AAA9B2A-1E16-4289-A5C2-3B6BB4D90564}"
EndProject
Global
	GlobalSection(SolutionConfigurationPlatforms) = preSolution
		Debug|Any CPU = Debug|Any CPU
		Release|Any CPU = Release|Any CPU
	EndGlobalSection
	GlobalSection(ProjectConfigurationPlatforms) = postSolution
		{8AAA9B2A-1E16-4289-A5C2-3B6BB4D90564}.Debug|Any CPU.ActiveCfg = Debug|Any CPU
		{8AAA9B2A-1E16-4289-A5C2-3B6BB4D90564}.Debug|Any CPU.Build.0 = Debug|Any CPU
		{8AAA9B2A-1E16-4289-A5C2-3B6BB4D90564}.Release|Any CPU.ActiveCfg = Release|Any CPU
		{8AAA9B2A-1E16-4289-A5C2-3B6BB4D90564}.Release|Any CPU.Build.0 = Release|Any CPU
	EndGlobalSection
	GlobalSection(SolutionProperties) = preSolution
		HideSolutionNode = FALSE
	EndGlobalSection
	GlobalSection(ExtensibilityGlobals) = postSolution
		SolutionGuid = {F75F0B43-E4FF-4981-9345-8736887851F5}
	EndGlobalSection
EndGlobal
